
Microsoft Visual Studio Solution File, Format Version 12.00
# Visual Studio Version 16
VisualStudioVersion = 16.0.30204.135
MinimumVisualStudioVersion = 10.0.40219.1
Project("{FAE04EC0-301F-11D3-BF4B-00C04F79EFBC}") = "ExampleAPI", "ExampleAPI.csproj", "{4EFBF88E-D3DB-45BC-A43F-16F41312FD78}"
EndProject
Global
	GlobalSection(SolutionConfigurationPlatforms) = preSolution
		Debug|Any CPU = Debug|Any CPU
		Release|Any CPU = Release|Any CPU
	EndGlobalSection
	GlobalSection(ProjectConfigurationPlatforms) = postSolution
		{4EFBF88E-D3DB-45BC-A43F-16F41312FD78}.Debug|Any CPU.ActiveCfg = Debug|Any CPU
		{4EFBF88E-D3DB-45BC-A43F-16F41312FD78}.Debug|Any CPU.Build.0 = Debug|Any CPU
		{4EFBF88E-D3DB-45BC-A43F-16F41312FD78}.Release|Any CPU.ActiveCfg = Release|Any CPU
		{4EFBF88E-D3DB-45BC-A43F-16F41312FD78}.Release|Any CPU.Build.0 = Release|Any CPU
	EndGlobalSection
	GlobalSection(SolutionProperties) = preSolution
		HideSolutionNode = FALSE
	EndGlobalSection
	GlobalSection(ExtensibilityGlobals) = postSolution
		SolutionGuid = {248636AF-2390-41C6-80FF-C42BA108A02B}
	EndGlobalSection
EndGlobal
